
Microsoft Visual Studio Solution File, Format Version 12.00
# Visual Studio Version 16
VisualStudioVersion = 16.0.31025.194
MinimumVisualStudioVersion = 10.0.40219.1
Project("{FAE04EC0-301F-11D3-BF4B-00C04F79EFBC}") = "TuringMachineWinForms", "TuringMachineWinForms\TuringMachineWinForms.csproj", "{740BDB66-23A5-4359-9A0C-9F1B3A7A524D}"
EndProject
Global
	GlobalSection(SolutionConfigurationPlatforms) = preSolution
		Debug|Any CPU = Debug|Any CPU
		Release|Any CPU = Release|Any CPU
	EndGlobalSection
	GlobalSection(ProjectConfigurationPlatforms) = postSolution
		{740BDB66-23A5-4359-9A0C-9F1B3A7A524D}.Debug|Any CPU.ActiveCfg = Debug|Any CPU
		{740BDB66-23A5-4359-9A0C-9F1B3A7A524D}.Debug|Any CPU.Build.0 = Debug|Any CPU
		{740BDB66-23A5-4359-9A0C-9F1B3A7A524D}.Release|Any CPU.ActiveCfg = Release|Any CPU
		{740BDB66-23A5-4359-9A0C-9F1B3A7A524D}.Release|Any CPU.Build.0 = Release|Any CPU
	EndGlobalSection
	GlobalSection(SolutionProperties) = preSolution
		HideSolutionNode = FALSE
	EndGlobalSection
	GlobalSection(ExtensibilityGlobals) = postSolution
		SolutionGuid = {EFA70CF2-0C02-4579-83B9-2251AA2B3529}
	EndGlobalSection
EndGlobal
